
Microsoft Visual Studio Solution File, Format Version 12.00
# Visual Studio Version 17
VisualStudioVersion = 17.10.35027.167
MinimumVisualStudioVersion = 10.0.40219.1
Project("{9A19103F-16F7-4668-BE54-9A1E7A4F7556}") = "Banking E_Wallet", "Banking E_Wallet\Banking E_Wallet.csproj", "{E50F1385-55E4-4438-914E-BC7665F1E11D}"
EndProject
Project("{FAE04EC0-301F-11D3-BF4B-00C04F79EFBC}") = "Data Access Layer", "Data Access Layer\Data Access Layer.csproj", "{A47F85F8-B6F0-41F3-8075-4051D58527A2}"
EndProject
Project("{FAE04EC0-301F-11D3-BF4B-00C04F79EFBC}") = "Business Access Layer", "Business Access Layer\Business Access Layer.csproj", "{8E1021D7-31D2-4797-A3A0-F9A331054F11}"
EndProject
Global
	GlobalSection(SolutionConfigurationPlatforms) = preSolution
		Debug|Any CPU = Debug|Any CPU
		Release|Any CPU = Release|Any CPU
	EndGlobalSection
	GlobalSection(ProjectConfigurationPlatforms) = postSolution
		{E50F1385-55E4-4438-914E-BC7665F1E11D}.Debug|Any CPU.ActiveCfg = Debug|Any CPU
		{E50F1385-55E4-4438-914E-BC7665F1E11D}.Debug|Any CPU.Build.0 = Debug|Any CPU
		{E50F1385-55E4-4438-914E-BC7665F1E11D}.Release|Any CPU.ActiveCfg = Release|Any CPU
		{E50F1385-55E4-4438-914E-BC7665F1E11D}.Release|Any CPU.Build.0 = Release|Any CPU
		{A47F85F8-B6F0-41F3-8075-4051D58527A2}.Debug|Any CPU.ActiveCfg = Debug|Any CPU
		{A47F85F8-B6F0-41F3-8075-4051D58527A2}.Debug|Any CPU.Build.0 = Debug|Any CPU
		{A47F85F8-B6F0-41F3-8075-4051D58527A2}.Release|Any CPU.ActiveCfg = Release|Any CPU
		{A47F85F8-B6F0-41F3-8075-4051D58527A2}.Release|Any CPU.Build.0 = Release|Any CPU
		{8E1021D7-31D2-4797-A3A0-F9A331054F11}.Debug|Any CPU.ActiveCfg = Debug|Any CPU
		{8E1021D7-31D2-4797-A3A0-F9A331054F11}.Debug|Any CPU.Build.0 = Debug|Any CPU
		{8E1021D7-31D2-4797-A3A0-F9A331054F11}.Release|Any CPU.ActiveCfg = Release|Any CPU
		{8E1021D7-31D2-4797-A3A0-F9A331054F11}.Release|Any CPU.Build.0 = Release|Any CPU
	EndGlobalSection
	GlobalSection(SolutionProperties) = preSolution
		HideSolutionNode = FALSE
	EndGlobalSection
	GlobalSection(ExtensibilityGlobals) = postSolution
		SolutionGuid = {65EC572E-C5CD-413A-AE93-20CC63B619CA}
	EndGlobalSection
EndGlobal
